// !$*UTF8*$!
{
	archiveVersion = 1;
	classes = {
	};
	objectVersion = 46;
	objects = {

/* Begin PBXBuildFile section */
		7E7F325E1F714241002B3821 /* AppDelegate.swift in Sources */ = {isa = PBXBuildFile; fileRef = 7E7F325D1F714241002B3821 /* AppDelegate.swift */; };
		7E7F32631F714241002B3821 /* Main.storyboard in Resources */ = {isa = PBXBuildFile; fileRef = 7E7F32611F714241002B3821 /* Main.storyboard */; };
		7E7F32651F714241002B3821 /* Assets.xcassets in Resources */ = {isa = PBXBuildFile; fileRef = 7E7F32641F714241002B3821 /* Assets.xcassets */; };
		7E7F32681F714241002B3821 /* LaunchScreen.storyboard in Resources */ = {isa = PBXBuildFile; fileRef = 7E7F32661F714241002B3821 /* LaunchScreen.storyboard */; };
		7E7F32731F714241002B3821 /* Swift____Tests.swift in Sources */ = {isa = PBXBuildFile; fileRef = 7E7F32721F714241002B3821 /* Swift____Tests.swift */; };
		7E7F327E1F714241002B3821 /* Swift____UITests.swift in Sources */ = {isa = PBXBuildFile; fileRef = 7E7F327D1F714241002B3821 /* Swift____UITests.swift */; };
		7E7F32941F715C84002B3821 /* Home.storyboard in Resources */ = {isa = PBXBuildFile; fileRef = 7E7F32921F715C84002B3821 /* Home.storyboard */; };
		7E7F32971F715CFB002B3821 /* Live.storyboard in Resources */ = {isa = PBXBuildFile; fileRef = 7E7F32951F715CFB002B3821 /* Live.storyboard */; };
		7E7F329A1F715D38002B3821 /* Follow.storyboard in Resources */ = {isa = PBXBuildFile; fileRef = 7E7F32981F715D38002B3821 /* Follow.storyboard */; };
		7E7F329D1F715D90002B3821 /* Prodfile.storyboard in Resources */ = {isa = PBXBuildFile; fileRef = 7E7F329B1F715D90002B3821 /* Prodfile.storyboard */; };
/* End PBXBuildFile section */

/* Begin PBXContainerItemProxy section */
		7E7F326F1F714241002B3821 /* PBXContainerItemProxy */ = {
			isa = PBXContainerItemProxy;
			containerPortal = 7E7F32521F714241002B3821 /* Project object */;
			proxyType = 1;
			remoteGlobalIDString = 7E7F32591F714241002B3821;
			remoteInfo = "Swift项目练手";
		};
		7E7F327A1F714241002B3821 /* PBXContainerItemProxy */ = {
			isa = PBXContainerItemProxy;
			containerPortal = 7E7F32521F714241002B3821 /* Project object */;
			proxyType = 1;
			remoteGlobalIDString = 7E7F32591F714241002B3821;
			remoteInfo = "Swift项目练手";
		};
/* End PBXContainerItemProxy section */

/* Begin PBXFileReference section */
		7E7F325A1F714241002B3821 /* Swift项目练手.app */ = {isa = PBXFileReference; explicitFileType = wrapper.application; includeInIndex = 0; path = "Swift项目练手.app"; sourceTree = BUILT_PRODUCTS_DIR; };
		7E7F325D1F714241002B3821 /* AppDelegate.swift */ = {isa = PBXFileReference; lastKnownFileType = sourcecode.swift; path = AppDelegate.swift; sourceTree = "<group>"; };
		7E7F32621F714241002B3821 /* Base */ = {isa = PBXFileReference; lastKnownFileType = file.storyboard; name = Base; path = Base.lproj/Main.storyboard; sourceTree = "<group>"; };
		7E7F32641F714241002B3821 /* Assets.xcassets */ = {isa = PBXFileReference; lastKnownFileType = folder.assetcatalog; path = Assets.xcassets; sourceTree = "<group>"; };
		7E7F32671F714241002B3821 /* Base */ = {isa = PBXFileReference; lastKnownFileType = file.storyboard; name = Base; path = Base.lproj/LaunchScreen.storyboard; sourceTree = "<group>"; };
		7E7F32691F714241002B3821 /* Info.plist */ = {isa = PBXFileReference; lastKnownFileType = text.plist.xml; path = Info.plist; sourceTree = "<group>"; };
		7E7F326E1F714241002B3821 /* Swift项目练手Tests.xctest */ = {isa = PBXFileReference; explicitFileType = wrapper.cfbundle; includeInIndex = 0; path = "Swift项目练手Tests.xctest"; sourceTree = BUILT_PRODUCTS_DIR; };
		7E7F32721F714241002B3821 /* Swift____Tests.swift */ = {isa = PBXFileReference; lastKnownFileType = sourcecode.swift; path = "Swift____Tests.swift"; sourceTree = "<group>"; };
		7E7F32741F714241002B3821 /* Info.plist */ = {isa = PBXFileReference; lastKnownFileType = text.plist.xml; path = Info.plist; sourceTree = "<group>"; };
		7E7F32791F714241002B3821 /* Swift项目练手UITests.xctest */ = {isa = PBXFileReference; explicitFileType = wrapper.cfbundle; includeInIndex = 0; path = "Swift项目练手UITests.xctest"; sourceTree = BUILT_PRODUCTS_DIR; };
		7E7F327D1F714241002B3821 /* Swift____UITests.swift */ = {isa = PBXFileReference; lastKnownFileType = sourcecode.swift; path = "Swift____UITests.swift"; sourceTree = "<group>"; };
		7E7F327F1F714241002B3821 /* Info.plist */ = {isa = PBXFileReference; lastKnownFileType = text.plist.xml; path = Info.plist; sourceTree = "<group>"; };
		7E7F32931F715C84002B3821 /* Base */ = {isa = PBXFileReference; lastKnownFileType = file.storyboard; name = Base; path = "Swift项目练手/Base.lproj/Home.storyboard"; sourceTree = SOURCE_ROOT; };
		7E7F32961F715CFB002B3821 /* Base */ = {isa = PBXFileReference; lastKnownFileType = file.storyboard; name = Base; path = "Swift项目练手/Base.lproj/Live.storyboard"; sourceTree = SOURCE_ROOT; };
		7E7F32991F715D38002B3821 /* Base */ = {isa = PBXFileReference; lastKnownFileType = file.storyboard; name = Base; path = "Swift项目练手/Base.lproj/Follow.storyboard"; sourceTree = SOURCE_ROOT; };
		7E7F329C1F715D90002B3821 /* Base */ = {isa = PBXFileReference; lastKnownFileType = file.storyboard; name = Base; path = "Swift项目练手/Base.lproj/Prodfile.storyboard"; sourceTree = SOURCE_ROOT; };
/* End PBXFileReference section */

/* Begin PBXFrameworksBuildPhase section */
		7E7F32571F714241002B3821 /* Frameworks */ = {
			isa = PBXFrameworksBuildPhase;
			buildActionMask = 2147483647;
			files = (
			);
			runOnlyForDeploymentPostprocessing = 0;
		};
		7E7F326B1F714241002B3821 /* Frameworks */ = {
			isa = PBXFrameworksBuildPhase;
			buildActionMask = 2147483647;
			files = (
			);
			runOnlyForDeploymentPostprocessing = 0;
		};
		7E7F32761F714241002B3821 /* Frameworks */ = {
			isa = PBXFrameworksBuildPhase;
			buildActionMask = 2147483647;
			files = (
			);
			runOnlyForDeploymentPostprocessing = 0;
		};
/* End PBXFrameworksBuildPhase section */

/* Begin PBXGroup section */
		7E7F32511F714241002B3821 = {
			isa = PBXGroup;
			children = (
				7E7F325C1F714241002B3821 /* Swift项目练手 */,
				7E7F32711F714241002B3821 /* Swift项目练手Tests */,
				7E7F327C1F714241002B3821 /* Swift项目练手UITests */,
				7E7F325B1F714241002B3821 /* Products */,
			);
			sourceTree = "<group>";
		};
		7E7F325B1F714241002B3821 /* Products */ = {
			isa = PBXGroup;
			children = (
				7E7F325A1F714241002B3821 /* Swift项目练手.app */,
				7E7F326E1F714241002B3821 /* Swift项目练手Tests.xctest */,
				7E7F32791F714241002B3821 /* Swift项目练手UITests.xctest */,
			);
			name = Products;
			sourceTree = "<group>";
		};
		7E7F325C1F714241002B3821 /* Swift项目练手 */ = {
			isa = PBXGroup;
			children = (
				7E7F328B1F715303002B3821 /* Classes */,
				7E7F325D1F714241002B3821 /* AppDelegate.swift */,
				7E7F32641F714241002B3821 /* Assets.xcassets */,
				7E7F32661F714241002B3821 /* LaunchScreen.storyboard */,
				7E7F32691F714241002B3821 /* Info.plist */,
			);
			path = "Swift项目练手";
			sourceTree = "<group>";
		};
		7E7F32711F714241002B3821 /* Swift项目练手Tests */ = {
			isa = PBXGroup;
			children = (
				7E7F32721F714241002B3821 /* Swift____Tests.swift */,
				7E7F32741F714241002B3821 /* Info.plist */,
			);
			path = "Swift项目练手Tests";
			sourceTree = "<group>";
		};
		7E7F327C1F714241002B3821 /* Swift项目练手UITests */ = {
			isa = PBXGroup;
			children = (
				7E7F327D1F714241002B3821 /* Swift____UITests.swift */,
				7E7F327F1F714241002B3821 /* Info.plist */,
			);
			path = "Swift项目练手UITests";
			sourceTree = "<group>";
		};
		7E7F328B1F715303002B3821 /* Classes */ = {
			isa = PBXGroup;
			children = (
				7E7F328F1F715303002B3821 /* Main */,
				7E7F328D1F715303002B3821 /* Home */,
				7E7F328E1F715303002B3821 /* Live */,
				7E7F328C1F715303002B3821 /* Follow */,
				7E7F32901F715303002B3821 /* Prodfile */,
				7E7F32911F715303002B3821 /* Tools */,
			);
			path = Classes;
			sourceTree = "<group>";
		};
		7E7F328C1F715303002B3821 /* Follow */ = {
			isa = PBXGroup;
			children = (
			);
			path = Follow;
			sourceTree = "<group>";
		};
		7E7F328D1F715303002B3821 /* Home */ = {
			isa = PBXGroup;
			children = (
			);
			path = Home;
			sourceTree = "<group>";
		};
		7E7F328E1F715303002B3821 /* Live */ = {
			isa = PBXGroup;
			children = (
			);
			path = Live;
			sourceTree = "<group>";
		};
		7E7F328F1F715303002B3821 /* Main */ = {
			isa = PBXGroup;
			children = (
				7E7F32611F714241002B3821 /* Main.storyboard */,
				7E7F32921F715C84002B3821 /* Home.storyboard */,
				7E7F32951F715CFB002B3821 /* Live.storyboard */,
				7E7F32981F715D38002B3821 /* Follow.storyboard */,
				7E7F329B1F715D90002B3821 /* Prodfile.storyboard */,
			);
			path = Main;
			sourceTree = "<group>";
		};
		7E7F32901F715303002B3821 /* Prodfile */ = {
			isa = PBXGroup;
			children = (
			);
			path = Prodfile;
			sourceTree = "<group>";
		};
		7E7F32911F715303002B3821 /* Tools */ = {
			isa = PBXGroup;
			children = (
			);
			path = Tools;
			sourceTree = "<group>";
		};
/* End PBXGroup section */

/* Begin PBXNativeTarget section */
		7E7F32591F714241002B3821 /* Swift项目练手 */ = {
			isa = PBXNativeTarget;
			buildConfigurationList = 7E7F32821F714241002B3821 /* Build configuration list for PBXNativeTarget "Swift项目练手" */;
			buildPhases = (
				7E7F32561F714241002B3821 /* Sources */,
				7E7F32571F714241002B3821 /* Frameworks */,
				7E7F32581F714241002B3821 /* Resources */,
			);
			buildRules = (
			);
			dependencies = (
			);
			name = "Swift项目练手";
			productName = "Swift项目练手";
			productReference = 7E7F325A1F714241002B3821 /* Swift项目练手.app */;
			productType = "com.apple.product-type.application";
		};
		7E7F326D1F714241002B3821 /* Swift项目练手Tests */ = {
			isa = PBXNativeTarget;
			buildConfigurationList = 7E7F32851F714241002B3821 /* Build configuration list for PBXNativeTarget "Swift项目练手Tests" */;
			buildPhases = (
				7E7F326A1F714241002B3821 /* Sources */,
				7E7F326B1F714241002B3821 /* Frameworks */,
				7E7F326C1F714241002B3821 /* Resources */,
			);
			buildRules = (
			);
			dependencies = (
				7E7F32701F714241002B3821 /* PBXTargetDependency */,
			);
			name = "Swift项目练手Tests";
			productName = "Swift项目练手Tests";
			productReference = 7E7F326E1F714241002B3821 /* Swift项目练手Tests.xctest */;
			productType = "com.apple.product-type.bundle.unit-test";
		};
		7E7F32781F714241002B3821 /* Swift项目练手UITests */ = {
			isa = PBXNativeTarget;
			buildConfigurationList = 7E7F32881F714241002B3821 /* Build configuration list for PBXNativeTarget "Swift项目练手UITests" */;
			buildPhases = (
				7E7F32751F714241002B3821 /* Sources */,
				7E7F32761F714241002B3821 /* Frameworks */,
				7E7F32771F714241002B3821 /* Resources */,
			);
			buildRules = (
			);
			dependencies = (
				7E7F327B1F714241002B3821 /* PBXTargetDependency */,
			);
			name = "Swift项目练手UITests";
			productName = "Swift项目练手UITests";
			productReference = 7E7F32791F714241002B3821 /* Swift项目练手UITests.xctest */;
			productType = "com.apple.product-type.bundle.ui-testing";
		};
/* End PBXNativeTarget section */

/* Begin PBXProject section */
		7E7F32521F714241002B3821 /* Project object */ = {
			isa = PBXProject;
			attributes = {
				LastSwiftUpdateCheck = 0830;
				LastUpgradeCheck = 0830;
				ORGANIZATIONNAME = QinWei;
				TargetAttributes = {
					7E7F32591F714241002B3821 = {
						CreatedOnToolsVersion = 8.3.3;
						ProvisioningStyle = Automatic;
					};
					7E7F326D1F714241002B3821 = {
						CreatedOnToolsVersion = 8.3.3;
						ProvisioningStyle = Automatic;
						TestTargetID = 7E7F32591F714241002B3821;
					};
					7E7F32781F714241002B3821 = {
						CreatedOnToolsVersion = 8.3.3;
						ProvisioningStyle = Automatic;
						TestTargetID = 7E7F32591F714241002B3821;
					};
				};
			};
			buildConfigurationList = 7E7F32551F714241002B3821 /* Build configuration list for PBXProject "Swift项目练手" */;
			compatibilityVersion = "Xcode 3.2";
			developmentRegion = English;
			hasScannedForEncodings = 0;
			knownRegions = (
				en,
				Base,
			);
			mainGroup = 7E7F32511F714241002B3821;
			productRefGroup = 7E7F325B1F714241002B3821 /* Products */;
			projectDirPath = "";
			projectRoot = "";
			targets = (
				7E7F32591F714241002B3821 /* Swift项目练手 */,
				7E7F326D1F714241002B3821 /* Swift项目练手Tests */,
				7E7F32781F714241002B3821 /* Swift项目练手UITests */,
			);
		};
/* End PBXProject section */

/* Begin PBXResourcesBuildPhase section */
		7E7F32581F714241002B3821 /* Resources */ = {
			isa = PBXResourcesBuildPhase;
			buildActionMask = 2147483647;
			files = (
				7E7F32681F714241002B3821 /* LaunchScreen.storyboard in Resources */,
				7E7F32651F714241002B3821 /* Assets.xcassets in Resources */,
				7E7F32631F714241002B3821 /* Main.storyboard in Resources */,
				7E7F32971F715CFB002B3821 /* Live.storyboard in Resources */,
				7E7F32941F715C84002B3821 /* Home.storyboard in Resources */,
				7E7F329D1F715D90002B3821 /* Prodfile.storyboard in Resources */,
				7E7F329A1F715D38002B3821 /* Follow.storyboard in Resources */,
			);
			runOnlyForDeploymentPostprocessing = 0;
		};
		7E7F326C1F714241002B3821 /* Resources */ = {
			isa = PBXResourcesBuildPhase;
			buildActionMask = 2147483647;
			files = (
			);
			runOnlyForDeploymentPostprocessing = 0;
		};
		7E7F32771F714241002B3821 /* Resources */ = {
			isa = PBXResourcesBuildPhase;
			buildActionMask = 2147483647;
			files = (
			);
			runOnlyForDeploymentPostprocessing = 0;
		};
/* End PBXResourcesBuildPhase section */

/* Begin PBXSourcesBuildPhase section */
		7E7F32561F714241002B3821 /* Sources */ = {
			isa = PBXSourcesBuildPhase;
			buildActionMask = 2147483647;
			files = (
				7E7F325E1F714241002B3821 /* AppDelegate.swift in Sources */,
			);
			runOnlyForDeploymentPostprocessing = 0;
		};
		7E7F326A1F714241002B3821 /* Sources */ = {
			isa = PBXSourcesBuildPhase;
			buildActionMask = 2147483647;
			files = (
				7E7F32731F714241002B3821 /* Swift____Tests.swift in Sources */,
			);
			runOnlyForDeploymentPostprocessing = 0;
		};
		7E7F32751F714241002B3821 /* Sources */ = {
			isa = PBXSourcesBuildPhase;
			buildActionMask = 2147483647;
			files = (
				7E7F327E1F714241002B3821 /* Swift____UITests.swift in Sources */,
			);
			runOnlyForDeploymentPostprocessing = 0;
		};
/* End PBXSourcesBuildPhase section */

/* Begin PBXTargetDependency section */
		7E7F32701F714241002B3821 /* PBXTargetDependency */ = {
			isa = PBXTargetDependency;
			target = 7E7F32591F714241002B3821 /* Swift项目练手 */;
			targetProxy = 7E7F326F1F714241002B3821 /* PBXContainerItemProxy */;
		};
		7E7F327B1F714241002B3821 /* PBXTargetDependency */ = {
			isa = PBXTargetDependency;
			target = 7E7F32591F714241002B3821 /* Swift项目练手 */;
			targetProxy = 7E7F327A1F714241002B3821 /* PBXContainerItemProxy */;
		};
/* End PBXTargetDependency section */

/* Begin PBXVariantGroup section */
		7E7F32611F714241002B3821 /* Main.storyboard */ = {
			isa = PBXVariantGroup;
			children = (
				7E7F32621F714241002B3821 /* Base */,
			);
			name = Main.storyboard;
			path = ../..;
			sourceTree = "<group>";
		};
		7E7F32661F714241002B3821 /* LaunchScreen.storyboard */ = {
			isa = PBXVariantGroup;
			children = (
				7E7F32671F714241002B3821 /* Base */,
			);
			name = LaunchScreen.storyboard;
			sourceTree = "<group>";
		};
		7E7F32921F715C84002B3821 /* Home.storyboard */ = {
			isa = PBXVariantGroup;
			children = (
				7E7F32931F715C84002B3821 /* Base */,
			);
			name = Home.storyboard;
			sourceTree = "<group>";
		};
		7E7F32951F715CFB002B3821 /* Live.storyboard */ = {
			isa = PBXVariantGroup;
			children = (
				7E7F32961F715CFB002B3821 /* Base */,
			);
			name = Live.storyboard;
			sourceTree = "<group>";
		};
		7E7F32981F715D38002B3821 /* Follow.storyboard */ = {
			isa = PBXVariantGroup;
			children = (
				7E7F32991F715D38002B3821 /* Base */,
			);
			name = Follow.storyboard;
			sourceTree = "<group>";
		};
		7E7F329B1F715D90002B3821 /* Prodfile.storyboard */ = {
			isa = PBXVariantGroup;
			children = (
				7E7F329C1F715D90002B3821 /* Base */,
			);
			name = Prodfile.storyboard;
			sourceTree = "<group>";
		};
/* End PBXVariantGroup section */

/* Begin XCBuildConfiguration section */
		7E7F32801F714241002B3821 /* Debug */ = {
			isa = XCBuildConfiguration;
			buildSettings = {
				ALWAYS_SEARCH_USER_PATHS = NO;
				CLANG_ANALYZER_NONNULL = YES;
				CLANG_ANALYZER_NUMBER_OBJECT_CONVERSION = YES_AGGRESSIVE;
				CLANG_CXX_LANGUAGE_STANDARD = "gnu++0x";
				CLANG_CXX_LIBRARY = "libc++";
				CLANG_ENABLE_MODULES = YES;
				CLANG_ENABLE_OBJC_ARC = YES;
				CLANG_WARN_BOOL_CONVERSION = YES;
				CLANG_WARN_CONSTANT_CONVERSION = YES;
				CLANG_WARN_DIRECT_OBJC_ISA_USAGE = YES_ERROR;
				CLANG_WARN_DOCUMENTATION_COMMENTS = YES;
				CLANG_WARN_EMPTY_BODY = YES;
				CLANG_WARN_ENUM_CONVERSION = YES;
				CLANG_WARN_INFINITE_RECURSION = YES;
				CLANG_WARN_INT_CONVERSION = YES;
				CLANG_WARN_OBJC_ROOT_CLASS = YES_ERROR;
				CLANG_WARN_SUSPICIOUS_MOVE = YES;
				CLANG_WARN_UNREACHABLE_CODE = YES;
				CLANG_WARN__DUPLICATE_METHOD_MATCH = YES;
				"CODE_SIGN_IDENTITY[sdk=iphoneos*]" = "iPhone Developer";
				COPY_PHASE_STRIP = NO;
				DEBUG_INFORMATION_FORMAT = dwarf;
				ENABLE_STRICT_OBJC_MSGSEND = YES;
				ENABLE_TESTABILITY = YES;
				GCC_C_LANGUAGE_STANDARD = gnu99;
				GCC_DYNAMIC_NO_PIC = NO;
				GCC_NO_COMMON_BLOCKS = YES;
				GCC_OPTIMIZATION_LEVEL = 0;
				GCC_PREPROCESSOR_DEFINITIONS = (
					"DEBUG=1",
					"$(inherited)",
				);
				GCC_WARN_64_TO_32_BIT_CONVERSION = YES;
				GCC_WARN_ABOUT_RETURN_TYPE = YES_ERROR;
				GCC_WARN_UNDECLARED_SELECTOR = YES;
				GCC_WARN_UNINITIALIZED_AUTOS = YES_AGGRESSIVE;
				GCC_WARN_UNUSED_FUNCTION = YES;
				GCC_WARN_UNUSED_VARIABLE = YES;
				IPHONEOS_DEPLOYMENT_TARGET = 10.3;
				MTL_ENABLE_DEBUG_INFO = YES;
				ONLY_ACTIVE_ARCH = YES;
				SDKROOT = iphoneos;
				SWIFT_ACTIVE_COMPILATION_CONDITIONS = DEBUG;
				SWIFT_OPTIMIZATION_LEVEL = "-Onone";
			};
			name = Debug;
		};
		7E7F32811F714241002B3821 /* Release */ = {
			isa = XCBuildConfiguration;
			buildSettings = {
				ALWAYS_SEARCH_USER_PATHS = NO;
				CLANG_ANALYZER_NONNULL = YES;
				CLANG_ANALYZER_NUMBER_OBJECT_CONVERSION = YES_AGGRESSIVE;
				CLANG_CXX_LANGUAGE_STANDARD = "gnu++0x";
				CLANG_CXX_LIBRARY = "libc++";
				CLANG_ENABLE_MODULES = YES;
				CLANG_ENABLE_OBJC_ARC = YES;
				CLANG_WARN_BOOL_CONVERSION = YES;
				CLANG_WARN_CONSTANT_CONVERSION = YES;
				CLANG_WARN_DIRECT_OBJC_ISA_USAGE = YES_ERROR;
				CLANG_WARN_DOCUMENTATION_COMMENTS = YES;
				CLANG_WARN_EMPTY_BODY = YES;
				CLANG_WARN_ENUM_CONVERSION = YES;
				CLANG_WARN_INFINITE_RECURSION = YES;
				CLANG_WARN_INT_CONVERSION = YES;
				CLANG_WARN_OBJC_ROOT_CLASS = YES_ERROR;
				CLANG_WARN_SUSPICIOUS_MOVE = YES;
				CLANG_WARN_UNREACHABLE_CODE = YES;
				CLANG_WARN__DUPLICATE_METHOD_MATCH = YES;
				"CODE_SIGN_IDENTITY[sdk=iphoneos*]" = "iPhone Developer";
				COPY_PHASE_STRIP = NO;
				DEBUG_INFORMATION_FORMAT = "dwarf-with-dsym";
				ENABLE_NS_ASSERTIONS = NO;
				ENABLE_STRICT_OBJC_MSGSEND = YES;
				GCC_C_LANGUAGE_STANDARD = gnu99;
				GCC_NO_COMMON_BLOCKS = YES;
				GCC_WARN_64_TO_32_BIT_CONVERSION = YES;
				GCC_WARN_ABOUT_RETURN_TYPE = YES_ERROR;
				GCC_WARN_UNDECLARED_SELECTOR = YES;
				GCC_WARN_UNINITIALIZED_AUTOS = YES_AGGRESSIVE;
				GCC_WARN_UNUSED_FUNCTION = YES;
				GCC_WARN_UNUSED_VARIABLE = YES;
				IPHONEOS_DEPLOYMENT_TARGET = 10.3;
				MTL_ENABLE_DEBUG_INFO = NO;
				SDKROOT = iphoneos;
				SWIFT_OPTIMIZATION_LEVEL = "-Owholemodule";
				VALIDATE_PRODUCT = YES;
			};
			name = Release;
		};
		7E7F32831F714241002B3821 /* Debug */ = {
			isa = XCBuildConfiguration;
			buildSettings = {
				ASSETCATALOG_COMPILER_APPICON_NAME = AppIcon;
				ASSETCATALOG_COMPILER_LAUNCHIMAGE_NAME = LaunchImage;
				INFOPLIST_FILE = "Swift项目练手/Info.plist";
				IPHONEOS_DEPLOYMENT_TARGET = 9.0;
				LD_RUNPATH_SEARCH_PATHS = "$(inherited) @executable_path/Frameworks";
				PRODUCT_BUNDLE_IDENTIFIER = "QW17.Swift----";
				PRODUCT_NAME = "$(TARGET_NAME)";
				SWIFT_VERSION = 3.0;
			};
			name = Debug;
		};
		7E7F32841F714241002B3821 /* Release */ = {
			isa = XCBuildConfiguration;
			buildSettings = {
				ASSETCATALOG_COMPILER_APPICON_NAME = AppIcon;
				ASSETCATALOG_COMPILER_LAUNCHIMAGE_NAME = LaunchImage;
				INFOPLIST_FILE = "Swift项目练手/Info.plist";
				IPHONEOS_DEPLOYMENT_TARGET = 9.0;
				LD_RUNPATH_SEARCH_PATHS = "$(inherited) @executable_path/Frameworks";
				PRODUCT_BUNDLE_IDENTIFIER = "QW17.Swift----";
				PRODUCT_NAME = "$(TARGET_NAME)";
				SWIFT_VERSION = 3.0;
			};
			name = Release;
		};
		7E7F32861F714241002B3821 /* Debug */ = {
			isa = XCBuildConfiguration;
			buildSettings = {
				ALWAYS_EMBED_SWIFT_STANDARD_LIBRARIES = YES;
				BUNDLE_LOADER = "$(TEST_HOST)";
				INFOPLIST_FILE = "Swift项目练手Tests/Info.plist";
				LD_RUNPATH_SEARCH_PATHS = "$(inherited) @executable_path/Frameworks @loader_path/Frameworks";
				PRODUCT_BUNDLE_IDENTIFIER = "QW17.Swift----Tests";
				PRODUCT_NAME = "$(TARGET_NAME)";
				SWIFT_VERSION = 3.0;
				TEST_HOST = "$(BUILT_PRODUCTS_DIR)/Swift项目练手.app/Swift项目练手";
			};
			name = Debug;
		};
		7E7F32871F714241002B3821 /* Release */ = {
			isa = XCBuildConfiguration;
			buildSettings = {
				ALWAYS_EMBED_SWIFT_STANDARD_LIBRARIES = YES;
				BUNDLE_LOADER = "$(TEST_HOST)";
				INFOPLIST_FILE = "Swift项目练手Tests/Info.plist";
				LD_RUNPATH_SEARCH_PATHS = "$(inherited) @executable_path/Frameworks @loader_path/Frameworks";
				PRODUCT_BUNDLE_IDENTIFIER = "QW17.Swift----Tests";
				PRODUCT_NAME = "$(TARGET_NAME)";
				SWIFT_VERSION = 3.0;
				TEST_HOST = "$(BUILT_PRODUCTS_DIR)/Swift项目练手.app/Swift项目练手";
			};
			name = Release;
		};
		7E7F32891F714241002B3821 /* Debug */ = {
			isa = XCBuildConfiguration;
			buildSettings = {
				ALWAYS_EMBED_SWIFT_STANDARD_LIBRARIES = YES;
				INFOPLIST_FILE = "Swift项目练手UITests/Info.plist";
				LD_RUNPATH_SEARCH_PATHS = "$(inherited) @executable_path/Frameworks @loader_path/Frameworks";
				PRODUCT_BUNDLE_IDENTIFIER = "QW17.Swift----UITests";
				PRODUCT_NAME = "$(TARGET_NAME)";
				SWIFT_VERSION = 3.0;
				TEST_TARGET_NAME = "Swift项目练手";
			};
			name = Debug;
		};
		7E7F328A1F714241002B3821 /* Release */ = {
			isa = XCBuildConfiguration;
			buildSettings = {
				ALWAYS_EMBED_SWIFT_STANDARD_LIBRARIES = YES;
				INFOPLIST_FILE = "Swift项目练手UITests/Info.plist";
				LD_RUNPATH_SEARCH_PATHS = "$(inherited) @executable_path/Frameworks @loader_path/Frameworks";
				PRODUCT_BUNDLE_IDENTIFIER = "QW17.Swift----UITests";
				PRODUCT_NAME = "$(TARGET_NAME)";
				SWIFT_VERSION = 3.0;
				TEST_TARGET_NAME = "Swift项目练手";
			};
			name = Release;
		};
/* End XCBuildConfiguration section */

/* Begin XCConfigurationList section */
		7E7F32551F714241002B3821 /* Build configuration list for PBXProject "Swift项目练手" */ = {
			isa = XCConfigurationList;
			buildConfigurations = (
				7E7F32801F714241002B3821 /* Debug */,
				7E7F32811F714241002B3821 /* Release */,
			);
			defaultConfigurationIsVisible = 0;
			defaultConfigurationName = Release;
		};
		7E7F32821F714241002B3821 /* Build configuration list for PBXNativeTarget "Swift项目练手" */ = {
			isa = XCConfigurationList;
			buildConfigurations = (
				7E7F32831F714241002B3821 /* Debug */,
				7E7F32841F714241002B3821 /* Release */,
			);
			defaultConfigurationIsVisible = 0;
			defaultConfigurationName = Release;
		};
		7E7F32851F714241002B3821 /* Build configuration list for PBXNativeTarget "Swift项目练手Tests" */ = {
			isa = XCConfigurationList;
			buildConfigurations = (
				7E7F32861F714241002B3821 /* Debug */,
				7E7F32871F714241002B3821 /* Release */,
			);
			defaultConfigurationIsVisible = 0;
			defaultConfigurationName = Release;
		};
		7E7F32881F714241002B3821 /* Build configuration list for PBXNativeTarget "Swift项目练手UITests" */ = {
			isa = XCConfigurationList;
			buildConfigurations = (
				7E7F32891F714241002B3821 /* Debug */,
				7E7F328A1F714241002B3821 /* Release */,
			);
			defaultConfigurationIsVisible = 0;
			defaultConfigurationName = Release;
		};
/* End XCConfigurationList section */
	};
	rootObject = 7E7F32521F714241002B3821 /* Project object */;
}
